
Microsoft Visual Studio Solution File, Format Version 12.00
# Visual Studio Version 16
VisualStudioVersion = 16.0.31729.503
MinimumVisualStudioVersion = 10.0.40219.1
Project("{FAE04EC0-301F-11D3-BF4B-00C04F79EFBC}") = "Practicum_7", "Practicum_7\Practicum_7.csproj", "{63AE89A0-4BF9-4838-BD50-8E12E812D2D0}"
EndProject
Global
	GlobalSection(SolutionConfigurationPlatforms) = preSolution
		Debug|Any CPU = Debug|Any CPU
		Release|Any CPU = Release|Any CPU
	EndGlobalSection
	GlobalSection(ProjectConfigurationPlatforms) = postSolution
		{63AE89A0-4BF9-4838-BD50-8E12E812D2D0}.Debug|Any CPU.ActiveCfg = Debug|Any CPU
		{63AE89A0-4BF9-4838-BD50-8E12E812D2D0}.Debug|Any CPU.Build.0 = Debug|Any CPU
		{63AE89A0-4BF9-4838-BD50-8E12E812D2D0}.Release|Any CPU.ActiveCfg = Release|Any CPU
		{63AE89A0-4BF9-4838-BD50-8E12E812D2D0}.Release|Any CPU.Build.0 = Release|Any CPU
	EndGlobalSection
	GlobalSection(SolutionProperties) = preSolution
		HideSolutionNode = FALSE
	EndGlobalSection
	GlobalSection(ExtensibilityGlobals) = postSolution
		SolutionGuid = {D9BBFC13-9857-4409-AF31-D9B2C14955D8}
	EndGlobalSection
EndGlobal
